
Microsoft Visual Studio Solution File, Format Version 12.00
# Visual Studio Version 17
VisualStudioVersion = 17.11.35222.181
MinimumVisualStudioVersion = 10.0.40219.1
Project("{FAE04EC0-301F-11D3-BF4B-00C04F79EFBC}") = "Supermarket-mvp", "Supermarket-mvp.csproj", "{4790D5A5-A013-452F-8674-4A01CC87AE4E}"
EndProject
Global
	GlobalSection(SolutionConfigurationPlatforms) = preSolution
		Debug|Any CPU = Debug|Any CPU
		Release|Any CPU = Release|Any CPU
	EndGlobalSection
	GlobalSection(ProjectConfigurationPlatforms) = postSolution
		{4790D5A5-A013-452F-8674-4A01CC87AE4E}.Debug|Any CPU.ActiveCfg = Debug|Any CPU
		{4790D5A5-A013-452F-8674-4A01CC87AE4E}.Debug|Any CPU.Build.0 = Debug|Any CPU
		{4790D5A5-A013-452F-8674-4A01CC87AE4E}.Release|Any CPU.ActiveCfg = Release|Any CPU
		{4790D5A5-A013-452F-8674-4A01CC87AE4E}.Release|Any CPU.Build.0 = Release|Any CPU
	EndGlobalSection
	GlobalSection(SolutionProperties) = preSolution
		HideSolutionNode = FALSE
	EndGlobalSection
	GlobalSection(ExtensibilityGlobals) = postSolution
		SolutionGuid = {1F6A34F4-3DB3-4BEA-BA8D-F86AD2207A45}
	EndGlobalSection
EndGlobal
